# This file is automatically @generated by Cargo.
# It is not intended for manual editing.
version = 3

[[package]]
name = "checksum"
version = "0.2.1"
source = "registry+https://github.com/rust-lang/crates.io-index"
checksum = "d5c24f6a463e9973db3df3c2cc276f689f5baf289c87a693dc859e004d3eb45f"

[[package]]
name = "rfdups"
version = "0.1.0"
dependencies = [
 "checksum",
]
